
Microsoft Visual Studio Solution File, Format Version 12.00
Project("{FAE04EC0-301F-11D3-BF4B-00C04F79EFBC}") = "Cli", "src\Cli\Cli.csproj", "{51BC193B-A7CB-4A3D-8852-AC8A0CE74DF5}"
EndProject
Project("{FAE04EC0-301F-11D3-BF4B-00C04F79EFBC}") = "Spec", "src\Spec\Spec.csproj", "{EE702B1D-1F8D-4F8F-927C-30CE3EE309D1}"
EndProject
Project("{FAE04EC0-301F-11D3-BF4B-00C04F79EFBC}") = "Spec.Tests", "src\Spec.Tests\Spec.Tests.csproj", "{98726ACE-BDC3-4421-B658-10470EF31338}"
EndProject
Project("{FAE04EC0-301F-11D3-BF4B-00C04F79EFBC}") = "Domain", "src\Domain\Domain.csproj", "{F85972B5-F9E6-49BD-9F69-D99E7C8B6F1E}"
EndProject
Project("{FAE04EC0-301F-11D3-BF4B-00C04F79EFBC}") = "Cli.Tests", "src\Cli.Tests\Cli.Tests.csproj", "{76093473-3375-4519-9524-68448A19DE4A}"
EndProject
Project("{FAE04EC0-301F-11D3-BF4B-00C04F79EFBC}") = "Diff", "src\Diff\Diff.csproj", "{058BF3F2-21DC-4467-BF02-EDB40494FD44}"
EndProject
Project("{FAE04EC0-301F-11D3-BF4B-00C04F79EFBC}") = "TestUtilities", "src\TestUtilities\TestUtilities.csproj", "{5602BD77-1A57-4C5E-BFA9-15DDD14D0F54}"
EndProject
Project("{FAE04EC0-301F-11D3-BF4B-00C04F79EFBC}") = "Serialization", "src\Serialization\Serialization.csproj", "{66AF3505-A886-4C73-8EE9-0F14A9FF2593}"
EndProject
Project("{2150E333-8FDC-42A3-9474-1A3956D46DE8}") = "Solution Items", "Solution Items", "{75466C1B-ED91-43E9-9B81-809B95D868EC}"
	ProjectSection(SolutionItems) = preProject
		Directory.Build.props = Directory.Build.props
		README.md = README.md
		.gitignore = .gitignore
		.editorconfig = .editorconfig
		README_dev.md = README_dev.md
		install.sh = install.sh
		Directory.Packages.props = Directory.Packages.props
		Containerfile = Containerfile
	EndProjectSection
EndProject
Project("{FAE04EC0-301F-11D3-BF4B-00C04F79EFBC}") = "Diff.Tests", "src\Diff.Tests\Diff.Tests.csproj", "{904351B1-CC53-477A-834E-7C3A120EACE9}"
EndProject
Project("{FAE04EC0-301F-11D3-BF4B-00C04F79EFBC}") = "Domain.Tests", "src\Domain.Tests\Domain.Tests.csproj", "{6755C6FC-A842-44DB-8464-A65BEC1FDF4C}"
EndProject
Project("{FAE04EC0-301F-11D3-BF4B-00C04F79EFBC}") = "_build", "build\_build.csproj", "{8523E9E0-F412-41B7-B361-ADE639FFAF24}"
EndProject
Project("{FAE04EC0-301F-11D3-BF4B-00C04F79EFBC}") = "Common", "src\Common\Common.csproj", "{44BA8865-6D42-4D14-8199-EE660EAE87CB}"
EndProject
Project("{FAE04EC0-301F-11D3-BF4B-00C04F79EFBC}") = "Common.Tests", "src\Common.Tests\Common.Tests.csproj", "{004FE90A-E749-4C17-B7B7-B529AA0F5F34}"
EndProject
Project("{FAE04EC0-301F-11D3-BF4B-00C04F79EFBC}") = "Cli.E2ETests", "src\Cli.E2ETests\Cli.E2ETests.csproj", "{11F44BDE-0563-4C64-BE3C-9E7B69F89E12}"
EndProject
Project("{FAE04EC0-301F-11D3-BF4B-00C04F79EFBC}") = "Cli.Abstractions", "src\Cli.Abstractions\Cli.Abstractions.csproj", "{42ECC801-ADCB-43E4-86C0-E0E4B017D7B6}"
EndProject
Project("{FAE04EC0-301F-11D3-BF4B-00C04F79EFBC}") = "Spec.SchemaGenerator.Cli", "src\Spec.SchemaGenerator.Cli\Spec.SchemaGenerator.Cli.csproj", "{D4CD49D3-4A14-4130-BD76-6FF3ECF8928D}"
EndProject
Project("{FAE04EC0-301F-11D3-BF4B-00C04F79EFBC}") = "ArchTests", "src\ArchTests\ArchTests.csproj", "{E6DFCDB4-BFE2-4A30-91CB-9F2CBFFDED24}"
EndProject
Project("{FAE04EC0-301F-11D3-BF4B-00C04F79EFBC}") = "Scanning", "src\Scanning\Scanning.csproj", "{9DCB7B29-E8A2-45C2-9EAD-FE3B02F8DC3B}"
EndProject
Project("{FAE04EC0-301F-11D3-BF4B-00C04F79EFBC}") = "Scanning.Tests", "src\Scanning.Tests\Scanning.Tests.csproj", "{B52EA4A2-8D92-4575-8632-A438805BB4F3}"
EndProject
Project("{FAE04EC0-301F-11D3-BF4B-00C04F79EFBC}") = "Build.Utilities", "build-utils\Build.Utilities\Build.Utilities.csproj", "{FEA2FBBE-785F-4187-8242-FD348F9E78AF}"
EndProject
Project("{FAE04EC0-301F-11D3-BF4B-00C04F79EFBC}") = "Build.Utilities.Tests", "build-utils\Build.Utilities.Tests\Build.Utilities.Tests.csproj", "{272166CF-E425-45F8-984F-FAFD3CE953C9}"
EndProject
Project("{2150E333-8FDC-42A3-9474-1A3956D46DE8}") = "Build", "Build", "{C0698EF0-61C8-403E-8E93-1F1D34C5B910}"
EndProject
Project("{2150E333-8FDC-42A3-9474-1A3956D46DE8}") = "Workflows", "Workflows", "{DD70FBC7-8367-45B3-8D3D-757F1CDF6531}"
	ProjectSection(SolutionItems) = preProject
		.github\workflows\ci.yaml = .github\workflows\ci.yaml
		.github\workflows\release.yaml = .github\workflows\release.yaml
		.github\workflows\prerelease.yaml = .github\workflows\prerelease.yaml
	EndProjectSection
EndProject
Project("{FAE04EC0-301F-11D3-BF4B-00C04F79EFBC}") = "Cli.E2ETests.Abstractions", "src\Cli.E2ETests.Abstractions\Cli.E2ETests.Abstractions.csproj", "{A2CE629F-8D56-4539-9642-C31B550F7C30}"
EndProject
Project("{FAE04EC0-301F-11D3-BF4B-00C04F79EFBC}") = "Cli.Settings", "src\Cli.Settings\Cli.Settings.csproj", "{38621D2E-6AF0-4969-897D-898C39D41A20}"
EndProject
Project("{FAE04EC0-301F-11D3-BF4B-00C04F79EFBC}") = "Cli.Settings.Tests", "src\Cli.Settings.Tests\Cli.Settings.Tests.csproj", "{130363FC-478E-472A-978B-731D39E3E264}"
EndProject
Project("{FAE04EC0-301F-11D3-BF4B-00C04F79EFBC}") = "Cli.Settings.SchemaGenerator.Cli", "src\Cli.Settings.SchemaGenerator.Cli\Cli.Settings.SchemaGenerator.Cli.csproj", "{B75C5C0C-A5A2-419E-B0DD-342A44B1B48D}"
EndProject
Project("{FAE04EC0-301F-11D3-BF4B-00C04F79EFBC}") = "Common.Schemas", "src\Common.Schemas\Common.Schemas.csproj", "{BAC0F9AF-CAE2-43FB-AF47-B9AC7B62544B}"
EndProject
Global
	GlobalSection(SolutionConfigurationPlatforms) = preSolution
		Debug|Any CPU = Debug|Any CPU
		Release|Any CPU = Release|Any CPU
	EndGlobalSection
	GlobalSection(ProjectConfigurationPlatforms) = postSolution
		{51BC193B-A7CB-4A3D-8852-AC8A0CE74DF5}.Debug|Any CPU.ActiveCfg = Debug|Any CPU
		{51BC193B-A7CB-4A3D-8852-AC8A0CE74DF5}.Debug|Any CPU.Build.0 = Debug|Any CPU
		{51BC193B-A7CB-4A3D-8852-AC8A0CE74DF5}.Release|Any CPU.ActiveCfg = Release|Any CPU
		{51BC193B-A7CB-4A3D-8852-AC8A0CE74DF5}.Release|Any CPU.Build.0 = Release|Any CPU
		{EE702B1D-1F8D-4F8F-927C-30CE3EE309D1}.Debug|Any CPU.ActiveCfg = Debug|Any CPU
		{EE702B1D-1F8D-4F8F-927C-30CE3EE309D1}.Debug|Any CPU.Build.0 = Debug|Any CPU
		{EE702B1D-1F8D-4F8F-927C-30CE3EE309D1}.Release|Any CPU.ActiveCfg = Release|Any CPU
		{EE702B1D-1F8D-4F8F-927C-30CE3EE309D1}.Release|Any CPU.Build.0 = Release|Any CPU
		{98726ACE-BDC3-4421-B658-10470EF31338}.Debug|Any CPU.ActiveCfg = Debug|Any CPU
		{98726ACE-BDC3-4421-B658-10470EF31338}.Debug|Any CPU.Build.0 = Debug|Any CPU
		{98726ACE-BDC3-4421-B658-10470EF31338}.Release|Any CPU.ActiveCfg = Release|Any CPU
		{98726ACE-BDC3-4421-B658-10470EF31338}.Release|Any CPU.Build.0 = Release|Any CPU
		{F85972B5-F9E6-49BD-9F69-D99E7C8B6F1E}.Debug|Any CPU.ActiveCfg = Debug|Any CPU
		{F85972B5-F9E6-49BD-9F69-D99E7C8B6F1E}.Debug|Any CPU.Build.0 = Debug|Any CPU
		{F85972B5-F9E6-49BD-9F69-D99E7C8B6F1E}.Release|Any CPU.ActiveCfg = Release|Any CPU
		{F85972B5-F9E6-49BD-9F69-D99E7C8B6F1E}.Release|Any CPU.Build.0 = Release|Any CPU
		{76093473-3375-4519-9524-68448A19DE4A}.Debug|Any CPU.ActiveCfg = Debug|Any CPU
		{76093473-3375-4519-9524-68448A19DE4A}.Debug|Any CPU.Build.0 = Debug|Any CPU
		{76093473-3375-4519-9524-68448A19DE4A}.Release|Any CPU.ActiveCfg = Release|Any CPU
		{76093473-3375-4519-9524-68448A19DE4A}.Release|Any CPU.Build.0 = Release|Any CPU
		{058BF3F2-21DC-4467-BF02-EDB40494FD44}.Debug|Any CPU.ActiveCfg = Debug|Any CPU
		{058BF3F2-21DC-4467-BF02-EDB40494FD44}.Debug|Any CPU.Build.0 = Debug|Any CPU
		{058BF3F2-21DC-4467-BF02-EDB40494FD44}.Release|Any CPU.ActiveCfg = Release|Any CPU
		{058BF3F2-21DC-4467-BF02-EDB40494FD44}.Release|Any CPU.Build.0 = Release|Any CPU
		{5602BD77-1A57-4C5E-BFA9-15DDD14D0F54}.Debug|Any CPU.ActiveCfg = Debug|Any CPU
		{5602BD77-1A57-4C5E-BFA9-15DDD14D0F54}.Debug|Any CPU.Build.0 = Debug|Any CPU
		{5602BD77-1A57-4C5E-BFA9-15DDD14D0F54}.Release|Any CPU.ActiveCfg = Release|Any CPU
		{5602BD77-1A57-4C5E-BFA9-15DDD14D0F54}.Release|Any CPU.Build.0 = Release|Any CPU
		{66AF3505-A886-4C73-8EE9-0F14A9FF2593}.Debug|Any CPU.ActiveCfg = Debug|Any CPU
		{66AF3505-A886-4C73-8EE9-0F14A9FF2593}.Debug|Any CPU.Build.0 = Debug|Any CPU
		{66AF3505-A886-4C73-8EE9-0F14A9FF2593}.Release|Any CPU.ActiveCfg = Release|Any CPU
		{66AF3505-A886-4C73-8EE9-0F14A9FF2593}.Release|Any CPU.Build.0 = Release|Any CPU
		{904351B1-CC53-477A-834E-7C3A120EACE9}.Debug|Any CPU.ActiveCfg = Debug|Any CPU
		{904351B1-CC53-477A-834E-7C3A120EACE9}.Debug|Any CPU.Build.0 = Debug|Any CPU
		{904351B1-CC53-477A-834E-7C3A120EACE9}.Release|Any CPU.ActiveCfg = Release|Any CPU
		{904351B1-CC53-477A-834E-7C3A120EACE9}.Release|Any CPU.Build.0 = Release|Any CPU
		{6755C6FC-A842-44DB-8464-A65BEC1FDF4C}.Debug|Any CPU.ActiveCfg = Debug|Any CPU
		{6755C6FC-A842-44DB-8464-A65BEC1FDF4C}.Debug|Any CPU.Build.0 = Debug|Any CPU
		{6755C6FC-A842-44DB-8464-A65BEC1FDF4C}.Release|Any CPU.ActiveCfg = Release|Any CPU
		{6755C6FC-A842-44DB-8464-A65BEC1FDF4C}.Release|Any CPU.Build.0 = Release|Any CPU
		{44BA8865-6D42-4D14-8199-EE660EAE87CB}.Debug|Any CPU.ActiveCfg = Debug|Any CPU
		{44BA8865-6D42-4D14-8199-EE660EAE87CB}.Debug|Any CPU.Build.0 = Debug|Any CPU
		{44BA8865-6D42-4D14-8199-EE660EAE87CB}.Release|Any CPU.ActiveCfg = Release|Any CPU
		{44BA8865-6D42-4D14-8199-EE660EAE87CB}.Release|Any CPU.Build.0 = Release|Any CPU
		{004FE90A-E749-4C17-B7B7-B529AA0F5F34}.Debug|Any CPU.ActiveCfg = Debug|Any CPU
		{004FE90A-E749-4C17-B7B7-B529AA0F5F34}.Debug|Any CPU.Build.0 = Debug|Any CPU
		{004FE90A-E749-4C17-B7B7-B529AA0F5F34}.Release|Any CPU.ActiveCfg = Release|Any CPU
		{004FE90A-E749-4C17-B7B7-B529AA0F5F34}.Release|Any CPU.Build.0 = Release|Any CPU
		{8523E9E0-F412-41B7-B361-ADE639FFAF24}.Debug|Any CPU.ActiveCfg = Debug|Any CPU
		{8523E9E0-F412-41B7-B361-ADE639FFAF24}.Release|Any CPU.ActiveCfg = Release|Any CPU
		{11F44BDE-0563-4C64-BE3C-9E7B69F89E12}.Debug|Any CPU.ActiveCfg = Debug|Any CPU
		{11F44BDE-0563-4C64-BE3C-9E7B69F89E12}.Debug|Any CPU.Build.0 = Debug|Any CPU
		{11F44BDE-0563-4C64-BE3C-9E7B69F89E12}.Release|Any CPU.ActiveCfg = Release|Any CPU
		{11F44BDE-0563-4C64-BE3C-9E7B69F89E12}.Release|Any CPU.Build.0 = Release|Any CPU
		{42ECC801-ADCB-43E4-86C0-E0E4B017D7B6}.Debug|Any CPU.ActiveCfg = Debug|Any CPU
		{42ECC801-ADCB-43E4-86C0-E0E4B017D7B6}.Debug|Any CPU.Build.0 = Debug|Any CPU
		{42ECC801-ADCB-43E4-86C0-E0E4B017D7B6}.Release|Any CPU.ActiveCfg = Release|Any CPU
		{42ECC801-ADCB-43E4-86C0-E0E4B017D7B6}.Release|Any CPU.Build.0 = Release|Any CPU
		{D4CD49D3-4A14-4130-BD76-6FF3ECF8928D}.Debug|Any CPU.ActiveCfg = Debug|Any CPU
		{D4CD49D3-4A14-4130-BD76-6FF3ECF8928D}.Debug|Any CPU.Build.0 = Debug|Any CPU
		{D4CD49D3-4A14-4130-BD76-6FF3ECF8928D}.Release|Any CPU.ActiveCfg = Release|Any CPU
		{D4CD49D3-4A14-4130-BD76-6FF3ECF8928D}.Release|Any CPU.Build.0 = Release|Any CPU
		{E6DFCDB4-BFE2-4A30-91CB-9F2CBFFDED24}.Debug|Any CPU.ActiveCfg = Debug|Any CPU
		{E6DFCDB4-BFE2-4A30-91CB-9F2CBFFDED24}.Debug|Any CPU.Build.0 = Debug|Any CPU
		{E6DFCDB4-BFE2-4A30-91CB-9F2CBFFDED24}.Release|Any CPU.ActiveCfg = Release|Any CPU
		{E6DFCDB4-BFE2-4A30-91CB-9F2CBFFDED24}.Release|Any CPU.Build.0 = Release|Any CPU
		{9DCB7B29-E8A2-45C2-9EAD-FE3B02F8DC3B}.Debug|Any CPU.ActiveCfg = Debug|Any CPU
		{9DCB7B29-E8A2-45C2-9EAD-FE3B02F8DC3B}.Debug|Any CPU.Build.0 = Debug|Any CPU
		{9DCB7B29-E8A2-45C2-9EAD-FE3B02F8DC3B}.Release|Any CPU.ActiveCfg = Release|Any CPU
		{9DCB7B29-E8A2-45C2-9EAD-FE3B02F8DC3B}.Release|Any CPU.Build.0 = Release|Any CPU
		{B52EA4A2-8D92-4575-8632-A438805BB4F3}.Debug|Any CPU.ActiveCfg = Debug|Any CPU
		{B52EA4A2-8D92-4575-8632-A438805BB4F3}.Debug|Any CPU.Build.0 = Debug|Any CPU
		{B52EA4A2-8D92-4575-8632-A438805BB4F3}.Release|Any CPU.ActiveCfg = Release|Any CPU
		{B52EA4A2-8D92-4575-8632-A438805BB4F3}.Release|Any CPU.Build.0 = Release|Any CPU
		{FEA2FBBE-785F-4187-8242-FD348F9E78AF}.Debug|Any CPU.ActiveCfg = Debug|Any CPU
		{FEA2FBBE-785F-4187-8242-FD348F9E78AF}.Release|Any CPU.ActiveCfg = Release|Any CPU
		{272166CF-E425-45F8-984F-FAFD3CE953C9}.Debug|Any CPU.ActiveCfg = Debug|Any CPU
		{272166CF-E425-45F8-984F-FAFD3CE953C9}.Release|Any CPU.ActiveCfg = Release|Any CPU
		{A2CE629F-8D56-4539-9642-C31B550F7C30}.Debug|Any CPU.ActiveCfg = Debug|Any CPU
		{A2CE629F-8D56-4539-9642-C31B550F7C30}.Debug|Any CPU.Build.0 = Debug|Any CPU
		{A2CE629F-8D56-4539-9642-C31B550F7C30}.Release|Any CPU.ActiveCfg = Release|Any CPU
		{A2CE629F-8D56-4539-9642-C31B550F7C30}.Release|Any CPU.Build.0 = Release|Any CPU
		{38621D2E-6AF0-4969-897D-898C39D41A20}.Debug|Any CPU.ActiveCfg = Debug|Any CPU
		{38621D2E-6AF0-4969-897D-898C39D41A20}.Debug|Any CPU.Build.0 = Debug|Any CPU
		{38621D2E-6AF0-4969-897D-898C39D41A20}.Release|Any CPU.ActiveCfg = Release|Any CPU
		{38621D2E-6AF0-4969-897D-898C39D41A20}.Release|Any CPU.Build.0 = Release|Any CPU
		{130363FC-478E-472A-978B-731D39E3E264}.Debug|Any CPU.ActiveCfg = Debug|Any CPU
		{130363FC-478E-472A-978B-731D39E3E264}.Debug|Any CPU.Build.0 = Debug|Any CPU
		{130363FC-478E-472A-978B-731D39E3E264}.Release|Any CPU.ActiveCfg = Release|Any CPU
		{130363FC-478E-472A-978B-731D39E3E264}.Release|Any CPU.Build.0 = Release|Any CPU
		{B75C5C0C-A5A2-419E-B0DD-342A44B1B48D}.Debug|Any CPU.ActiveCfg = Debug|Any CPU
		{B75C5C0C-A5A2-419E-B0DD-342A44B1B48D}.Debug|Any CPU.Build.0 = Debug|Any CPU
		{B75C5C0C-A5A2-419E-B0DD-342A44B1B48D}.Release|Any CPU.ActiveCfg = Release|Any CPU
		{B75C5C0C-A5A2-419E-B0DD-342A44B1B48D}.Release|Any CPU.Build.0 = Release|Any CPU
		{BAC0F9AF-CAE2-43FB-AF47-B9AC7B62544B}.Debug|Any CPU.ActiveCfg = Debug|Any CPU
		{BAC0F9AF-CAE2-43FB-AF47-B9AC7B62544B}.Debug|Any CPU.Build.0 = Debug|Any CPU
		{BAC0F9AF-CAE2-43FB-AF47-B9AC7B62544B}.Release|Any CPU.ActiveCfg = Release|Any CPU
		{BAC0F9AF-CAE2-43FB-AF47-B9AC7B62544B}.Release|Any CPU.Build.0 = Release|Any CPU
	EndGlobalSection
	GlobalSection(NestedProjects) = preSolution
		{8523E9E0-F412-41B7-B361-ADE639FFAF24} = {C0698EF0-61C8-403E-8E93-1F1D34C5B910}
		{FEA2FBBE-785F-4187-8242-FD348F9E78AF} = {C0698EF0-61C8-403E-8E93-1F1D34C5B910}
		{272166CF-E425-45F8-984F-FAFD3CE953C9} = {C0698EF0-61C8-403E-8E93-1F1D34C5B910}
		{DD70FBC7-8367-45B3-8D3D-757F1CDF6531} = {C0698EF0-61C8-403E-8E93-1F1D34C5B910}
	EndGlobalSection
EndGlobal
